
Microsoft Visual Studio Solution File, Format Version 12.00
# Visual Studio Version 17
VisualStudioVersion = 17.1.32328.378
MinimumVisualStudioVersion = 10.0.40219.1
Project("{9A19103F-16F7-4668-BE54-9A1E7A4F7556}") = "HospitalProject", "HospitalProject\HospitalProject.csproj", "{A5FE0239-DD41-4F54-9040-E9C785817063}"
EndProject
Project("{9A19103F-16F7-4668-BE54-9A1E7A4F7556}") = "Data.Model", "Data.Model\Data.Model.csproj", "{20292A0C-7ECA-4B00-B101-69DD6FE1FD9D}"
EndProject
Project("{9A19103F-16F7-4668-BE54-9A1E7A4F7556}") = "Data.HospitalCountext", "Data.HospitalCountext\Data.HospitalCountext.csproj", "{063D8C48-6DA2-4C57-900B-47D30F074788}"
EndProject
Project("{9A19103F-16F7-4668-BE54-9A1E7A4F7556}") = "Service", "Service\Service.csproj", "{590AB618-B7F2-440F-AED5-AA260CC4E56D}"
EndProject
Project("{FAE04EC0-301F-11D3-BF4B-00C04F79EFBC}") = "WebApplicationRazor", "WebApplicationRazor\WebApplicationRazor.csproj", "{5ADAB019-0572-40C6-A420-779E2D157CD0}"
EndProject
Global
	GlobalSection(SolutionConfigurationPlatforms) = preSolution
		Debug|Any CPU = Debug|Any CPU
		Release|Any CPU = Release|Any CPU
	EndGlobalSection
	GlobalSection(ProjectConfigurationPlatforms) = postSolution
		{A5FE0239-DD41-4F54-9040-E9C785817063}.Debug|Any CPU.ActiveCfg = Debug|Any CPU
		{A5FE0239-DD41-4F54-9040-E9C785817063}.Debug|Any CPU.Build.0 = Debug|Any CPU
		{A5FE0239-DD41-4F54-9040-E9C785817063}.Release|Any CPU.ActiveCfg = Release|Any CPU
		{A5FE0239-DD41-4F54-9040-E9C785817063}.Release|Any CPU.Build.0 = Release|Any CPU
		{20292A0C-7ECA-4B00-B101-69DD6FE1FD9D}.Debug|Any CPU.ActiveCfg = Debug|Any CPU
		{20292A0C-7ECA-4B00-B101-69DD6FE1FD9D}.Debug|Any CPU.Build.0 = Debug|Any CPU
		{20292A0C-7ECA-4B00-B101-69DD6FE1FD9D}.Release|Any CPU.ActiveCfg = Release|Any CPU
		{20292A0C-7ECA-4B00-B101-69DD6FE1FD9D}.Release|Any CPU.Build.0 = Release|Any CPU
		{063D8C48-6DA2-4C57-900B-47D30F074788}.Debug|Any CPU.ActiveCfg = Debug|Any CPU
		{063D8C48-6DA2-4C57-900B-47D30F074788}.Debug|Any CPU.Build.0 = Debug|Any CPU
		{063D8C48-6DA2-4C57-900B-47D30F074788}.Release|Any CPU.ActiveCfg = Release|Any CPU
		{063D8C48-6DA2-4C57-900B-47D30F074788}.Release|Any CPU.Build.0 = Release|Any CPU
		{590AB618-B7F2-440F-AED5-AA260CC4E56D}.Debug|Any CPU.ActiveCfg = Debug|Any CPU
		{590AB618-B7F2-440F-AED5-AA260CC4E56D}.Debug|Any CPU.Build.0 = Debug|Any CPU
		{590AB618-B7F2-440F-AED5-AA260CC4E56D}.Release|Any CPU.ActiveCfg = Release|Any CPU
		{590AB618-B7F2-440F-AED5-AA260CC4E56D}.Release|Any CPU.Build.0 = Release|Any CPU
		{5ADAB019-0572-40C6-A420-779E2D157CD0}.Debug|Any CPU.ActiveCfg = Debug|Any CPU
		{5ADAB019-0572-40C6-A420-779E2D157CD0}.Debug|Any CPU.Build.0 = Debug|Any CPU
		{5ADAB019-0572-40C6-A420-779E2D157CD0}.Release|Any CPU.ActiveCfg = Release|Any CPU
		{5ADAB019-0572-40C6-A420-779E2D157CD0}.Release|Any CPU.Build.0 = Release|Any CPU
	EndGlobalSection
	GlobalSection(SolutionProperties) = preSolution
		HideSolutionNode = FALSE
	EndGlobalSection
	GlobalSection(ExtensibilityGlobals) = postSolution
		SolutionGuid = {17860F0A-796E-4715-B0FC-C2411349C3E5}
	EndGlobalSection
EndGlobal
